// !$*UTF8*$!
{
	archiveVersion = 1;
	classes = {
	};
	objectVersion = 50;
	objects = {

/* Begin PBXBuildFile section */
		1DA89D4626A577DB009FE969 /* main.m in Sources */ = {isa = PBXBuildFile; fileRef = 1DA89D4526A577DB009FE969 /* main.m */; };
/* End PBXBuildFile section */

/* Begin PBXCopyFilesBuildPhase section */
		1DA89D4026A577DB009FE969 /* CopyFiles */ = {
			isa = PBXCopyFilesBuildPhase;
			buildActionMask = 2147483647;
			dstPath = /usr/share/man/man1/;
			dstSubfolderSpec = 0;
			files = (
			);
			runOnlyForDeploymentPostprocessing = 1;
		};
/* End PBXCopyFilesBuildPhase section */

/* Begin PBXFileReference section */
		1DA89D4226A577DB009FE969 /* fingerprint */ = {isa = PBXFileReference; explicitFileType = "compiled.mach-o.executable"; includeInIndex = 0; path = fingerprint; sourceTree = BUILT_PRODUCTS_DIR; };
		1DA89D4526A577DB009FE969 /* main.m */ = {isa = PBXFileReference; lastKnownFileType = sourcecode.c.objc; path = main.m; sourceTree = "<group>"; };
		1DA89D4D26A578E0009FE969 /* ReplayProjectRelease.xcconfig */ = {isa = PBXFileReference; lastKnownFileType = text.xcconfig; path = ReplayProjectRelease.xcconfig; sourceTree = "<group>"; };
		1DA89D4E26A578E0009FE969 /* ReplayProjectCommon.xcconfig */ = {isa = PBXFileReference; lastKnownFileType = text.xcconfig; path = ReplayProjectCommon.xcconfig; sourceTree = "<group>"; };
		1DA89D4F26A578E0009FE969 /* ReplayProjectDebug.xcconfig */ = {isa = PBXFileReference; lastKnownFileType = text.xcconfig; path = ReplayProjectDebug.xcconfig; sourceTree = "<group>"; };
		1DA89D5226A578E0009FE969 /* FingerprintTargetCommon.xcconfig */ = {isa = PBXFileReference; lastKnownFileType = text.xcconfig; path = FingerprintTargetCommon.xcconfig; sourceTree = "<group>"; };
/* End PBXFileReference section */

/* Begin PBXFrameworksBuildPhase section */
		1DA89D3F26A577DB009FE969 /* Frameworks */ = {
			isa = PBXFrameworksBuildPhase;
			buildActionMask = 2147483647;
			files = (
			);
			runOnlyForDeploymentPostprocessing = 0;
		};
/* End PBXFrameworksBuildPhase section */

/* Begin PBXGroup section */
		1DA89D3926A577DB009FE969 = {
			isa = PBXGroup;
			children = (
				1DA89D4426A577DB009FE969 /* fingerprint */,
				1DA89D4C26A578E0009FE969 /* xcconfigs */,
				1DA89D4326A577DB009FE969 /* Products */,
			);
			sourceTree = "<group>";
		};
		1DA89D4326A577DB009FE969 /* Products */ = {
			isa = PBXGroup;
			children = (
				1DA89D4226A577DB009FE969 /* fingerprint */,
			);
			name = Products;
			sourceTree = "<group>";
		};
		1DA89D4426A577DB009FE969 /* fingerprint */ = {
			isa = PBXGroup;
			children = (
				1DA89D4526A577DB009FE969 /* main.m */,
			);
			path = fingerprint;
			sourceTree = "<group>";
		};
		1DA89D4C26A578E0009FE969 /* xcconfigs */ = {
			isa = PBXGroup;
			children = (
				1DA89D4D26A578E0009FE969 /* ReplayProjectRelease.xcconfig */,
				1DA89D4E26A578E0009FE969 /* ReplayProjectCommon.xcconfig */,
				1DA89D4F26A578E0009FE969 /* ReplayProjectDebug.xcconfig */,
				1DA89D5226A578E0009FE969 /* FingerprintTargetCommon.xcconfig */,
			);
			path = xcconfigs;
			sourceTree = "<group>";
		};
/* End PBXGroup section */

/* Begin PBXNativeTarget section */
		1DA89D4126A577DB009FE969 /* fingerprint */ = {
			isa = PBXNativeTarget;
			buildConfigurationList = 1DA89D4926A577DB009FE969 /* Build configuration list for PBXNativeTarget "fingerprint" */;
			buildPhases = (
				1DA89D3E26A577DB009FE969 /* Sources */,
				1DA89D3F26A577DB009FE969 /* Frameworks */,
				1DA89D4026A577DB009FE969 /* CopyFiles */,
			);
			buildRules = (
			);
			dependencies = (
			);
			name = fingerprint;
			productName = fingerprint;
			productReference = 1DA89D4226A577DB009FE969 /* fingerprint */;
			productType = "com.apple.product-type.tool";
		};
/* End PBXNativeTarget section */

/* Begin PBXProject section */
		1DA89D3A26A577DB009FE969 /* Project object */ = {
			isa = PBXProject;
			attributes = {
				LastUpgradeCheck = 1250;
				TargetAttributes = {
					1DA89D4126A577DB009FE969 = {
						CreatedOnToolsVersion = 12.5.1;
					};
				};
			};
			buildConfigurationList = 1DA89D3D26A577DB009FE969 /* Build configuration list for PBXProject "fingerprint" */;
			compatibilityVersion = "Xcode 9.3";
			developmentRegion = en;
			hasScannedForEncodings = 0;
			knownRegions = (
				en,
				Base,
			);
			mainGroup = 1DA89D3926A577DB009FE969;
			productRefGroup = 1DA89D4326A577DB009FE969 /* Products */;
			projectDirPath = "";
			projectRoot = "";
			targets = (
				1DA89D4126A577DB009FE969 /* fingerprint */,
			);
		};
/* End PBXProject section */

/* Begin PBXSourcesBuildPhase section */
		1DA89D3E26A577DB009FE969 /* Sources */ = {
			isa = PBXSourcesBuildPhase;
			buildActionMask = 2147483647;
			files = (
				1DA89D4626A577DB009FE969 /* main.m in Sources */,
			);
			runOnlyForDeploymentPostprocessing = 0;
		};
/* End PBXSourcesBuildPhase section */

/* Begin XCBuildConfiguration section */
		1DA89D4726A577DB009FE969 /* Debug */ = {
			isa = XCBuildConfiguration;
			baseConfigurationReference = 1DA89D4F26A578E0009FE969 /* ReplayProjectDebug.xcconfig */;
			buildSettings = {
			};
			name = Debug;
		};
		1DA89D4826A577DB009FE969 /* Release */ = {
			isa = XCBuildConfiguration;
			baseConfigurationReference = 1DA89D4D26A578E0009FE969 /* ReplayProjectRelease.xcconfig */;
			buildSettings = {
			};
			name = Release;
		};
		1DA89D4A26A577DB009FE969 /* Debug */ = {
			isa = XCBuildConfiguration;
			baseConfigurationReference = 1DA89D5226A578E0009FE969 /* FingerprintTargetCommon.xcconfig */;
			buildSettings = {
			};
			name = Debug;
		};
		1DA89D4B26A577DB009FE969 /* Release */ = {
			isa = XCBuildConfiguration;
			baseConfigurationReference = 1DA89D5226A578E0009FE969 /* FingerprintTargetCommon.xcconfig */;
			buildSettings = {
			};
			name = Release;
		};
/* End XCBuildConfiguration section */

/* Begin XCConfigurationList section */
		1DA89D3D26A577DB009FE969 /* Build configuration list for PBXProject "fingerprint" */ = {
			isa = XCConfigurationList;
			buildConfigurations = (
				1DA89D4726A577DB009FE969 /* Debug */,
				1DA89D4826A577DB009FE969 /* Release */,
			);
			defaultConfigurationIsVisible = 0;
			defaultConfigurationName = Release;
		};
		1DA89D4926A577DB009FE969 /* Build configuration list for PBXNativeTarget "fingerprint" */ = {
			isa = XCConfigurationList;
			buildConfigurations = (
				1DA89D4A26A577DB009FE969 /* Debug */,
				1DA89D4B26A577DB009FE969 /* Release */,
			);
			defaultConfigurationIsVisible = 0;
			defaultConfigurationName = Release;
		};
/* End XCConfigurationList section */
	};
	rootObject = 1DA89D3A26A577DB009FE969 /* Project object */;
}
