// !$*UTF8*$!
{
	archiveVersion = 1;
	classes = {
	};
	objectVersion = 70;
	objects = {

/* Begin PBXCopyFilesBuildPhase section */
		1D34D698259477BB00167241 /* CopyFiles */ = {
			isa = PBXCopyFilesBuildPhase;
			buildActionMask = 2147483647;
			dstPath = /usr/share/man/man1/;
			dstSubfolderSpec = 0;
			files = (
			);
			runOnlyForDeploymentPostprocessing = 1;
		};
/* End PBXCopyFilesBuildPhase section */

/* Begin PBXFileReference section */
		1D34D69A259477BB00167241 /* dispatch */ = {isa = PBXFileReference; explicitFileType = "compiled.mach-o.executable"; includeInIndex = 0; path = dispatch; sourceTree = BUILT_PRODUCTS_DIR; };
		1DA1153525B5AC0200C0C6A5 /* ReplayProjectRelease.xcconfig */ = {isa = PBXFileReference; lastKnownFileType = text.xcconfig; path = ReplayProjectRelease.xcconfig; sourceTree = "<group>"; };
		1DA1153625B5AC0200C0C6A5 /* ReplayProjectCommon.xcconfig */ = {isa = PBXFileReference; lastKnownFileType = text.xcconfig; path = ReplayProjectCommon.xcconfig; sourceTree = "<group>"; };
		1DA1153725B5AC0200C0C6A5 /* ReplayProjectDebug.xcconfig */ = {isa = PBXFileReference; lastKnownFileType = text.xcconfig; path = ReplayProjectDebug.xcconfig; sourceTree = "<group>"; };
		1DA1153825B5AC0200C0C6A5 /* DispatchTargetCommon.xcconfig */ = {isa = PBXFileReference; lastKnownFileType = text.xcconfig; path = DispatchTargetCommon.xcconfig; sourceTree = "<group>"; };
/* End PBXFileReference section */

/* Begin PBXFileSystemSynchronizedBuildFileExceptionSet section */
		1DB17A212F7DFD0900E67624 /* PBXFileSystemSynchronizedBuildFileExceptionSet */ = {
			isa = PBXFileSystemSynchronizedBuildFileExceptionSet;
			membershipExceptions = (
				main.cpp,
			);
			target = 1D34D699259477BB00167241 /* dispatch */;
		};
/* End PBXFileSystemSynchronizedBuildFileExceptionSet section */

/* Begin PBXFileSystemSynchronizedRootGroup section */
		1DA1CA5E2F7C424F000F2E31 /* common */ = {isa = PBXFileSystemSynchronizedRootGroup; explicitFileTypes = {}; explicitFolders = (); path = common; sourceTree = "<group>"; };
		1DA1CA872F7C4362000F2E31 /* file-tree */ = {isa = PBXFileSystemSynchronizedRootGroup; exceptions = (1DB17A212F7DFD0900E67624 /* PBXFileSystemSynchronizedBuildFileExceptionSet */, ); explicitFileTypes = {}; explicitFolders = (); path = "file-tree"; sourceTree = "<group>"; };
		1DB17A192F7DFB3000E67624 /* action */ = {isa = PBXFileSystemSynchronizedRootGroup; explicitFileTypes = {}; explicitFolders = (); path = action; sourceTree = "<group>"; };
		1DB17A1C2F7DFB5100E67624 /* dispatch */ = {isa = PBXFileSystemSynchronizedRootGroup; explicitFileTypes = {}; explicitFolders = (); path = dispatch; sourceTree = "<group>"; };
		1DB17A202F7DFCB600E67624 /* replay-server */ = {isa = PBXFileSystemSynchronizedRootGroup; explicitFileTypes = {}; explicitFolders = (); path = "replay-server"; sourceTree = "<group>"; };
/* End PBXFileSystemSynchronizedRootGroup section */

/* Begin PBXFrameworksBuildPhase section */
		1D34D697259477BB00167241 /* Frameworks */ = {
			isa = PBXFrameworksBuildPhase;
			buildActionMask = 2147483647;
			files = (
			);
			runOnlyForDeploymentPostprocessing = 0;
		};
/* End PBXFrameworksBuildPhase section */

/* Begin PBXGroup section */
		1D34D691259477BB00167241 = {
			isa = PBXGroup;
			children = (
				1DB17A1C2F7DFB5100E67624 /* dispatch */,
				1DB17A202F7DFCB600E67624 /* replay-server */,
				1DB17A192F7DFB3000E67624 /* action */,
				1DA1CA872F7C4362000F2E31 /* file-tree */,
				1DA1CA5E2F7C424F000F2E31 /* common */,
				1DA1153425B5AC0200C0C6A5 /* xcconfigs */,
				1D34D69B259477BB00167241 /* Products */,
			);
			sourceTree = "<group>";
		};
		1D34D69B259477BB00167241 /* Products */ = {
			isa = PBXGroup;
			children = (
				1D34D69A259477BB00167241 /* dispatch */,
			);
			name = Products;
			sourceTree = "<group>";
		};
		1DA1153425B5AC0200C0C6A5 /* xcconfigs */ = {
			isa = PBXGroup;
			children = (
				1DA1153625B5AC0200C0C6A5 /* ReplayProjectCommon.xcconfig */,
				1DA1153525B5AC0200C0C6A5 /* ReplayProjectRelease.xcconfig */,
				1DA1153725B5AC0200C0C6A5 /* ReplayProjectDebug.xcconfig */,
				1DA1153825B5AC0200C0C6A5 /* DispatchTargetCommon.xcconfig */,
			);
			path = xcconfigs;
			sourceTree = SOURCE_ROOT;
		};
/* End PBXGroup section */

/* Begin PBXNativeTarget section */
		1D34D699259477BB00167241 /* dispatch */ = {
			isa = PBXNativeTarget;
			buildConfigurationList = 1D34D6A1259477BB00167241 /* Build configuration list for PBXNativeTarget "dispatch" */;
			buildPhases = (
				1D34D696259477BB00167241 /* Sources */,
				1D34D697259477BB00167241 /* Frameworks */,
				1D34D698259477BB00167241 /* CopyFiles */,
			);
			buildRules = (
			);
			dependencies = (
			);
			fileSystemSynchronizedGroups = (
				1DA1CA5E2F7C424F000F2E31 /* common */,
				1DA1CA872F7C4362000F2E31 /* file-tree */,
				1DB17A192F7DFB3000E67624 /* action */,
				1DB17A1C2F7DFB5100E67624 /* dispatch */,
				1DB17A202F7DFCB600E67624 /* replay-server */,
			);
			name = dispatch;
			productName = dispatch;
			productReference = 1D34D69A259477BB00167241 /* dispatch */;
			productType = "com.apple.product-type.tool";
		};
/* End PBXNativeTarget section */

/* Begin PBXProject section */
		1D34D692259477BB00167241 /* Project object */ = {
			isa = PBXProject;
			attributes = {
				LastUpgradeCheck = 1230;
				TargetAttributes = {
					1D34D699259477BB00167241 = {
						CreatedOnToolsVersion = 12.3;
					};
				};
			};
			buildConfigurationList = 1D34D695259477BB00167241 /* Build configuration list for PBXProject "dispatch" */;
			compatibilityVersion = "Xcode 9.3";
			developmentRegion = en;
			hasScannedForEncodings = 0;
			knownRegions = (
				en,
				Base,
			);
			mainGroup = 1D34D691259477BB00167241;
			productRefGroup = 1D34D69B259477BB00167241 /* Products */;
			projectDirPath = "";
			projectRoot = "";
			targets = (
				1D34D699259477BB00167241 /* dispatch */,
			);
		};
/* End PBXProject section */

/* Begin PBXSourcesBuildPhase section */
		1D34D696259477BB00167241 /* Sources */ = {
			isa = PBXSourcesBuildPhase;
			buildActionMask = 2147483647;
			files = (
			);
			runOnlyForDeploymentPostprocessing = 0;
		};
/* End PBXSourcesBuildPhase section */

/* Begin XCBuildConfiguration section */
		1D34D69F259477BB00167241 /* Debug */ = {
			isa = XCBuildConfiguration;
			baseConfigurationReference = 1DA1153725B5AC0200C0C6A5 /* ReplayProjectDebug.xcconfig */;
			buildSettings = {
			};
			name = Debug;
		};
		1D34D6A0259477BB00167241 /* Release */ = {
			isa = XCBuildConfiguration;
			baseConfigurationReference = 1DA1153525B5AC0200C0C6A5 /* ReplayProjectRelease.xcconfig */;
			buildSettings = {
			};
			name = Release;
		};
		1D34D6A2259477BB00167241 /* Debug */ = {
			isa = XCBuildConfiguration;
			baseConfigurationReference = 1DA1153825B5AC0200C0C6A5 /* DispatchTargetCommon.xcconfig */;
			buildSettings = {
			};
			name = Debug;
		};
		1D34D6A3259477BB00167241 /* Release */ = {
			isa = XCBuildConfiguration;
			baseConfigurationReference = 1DA1153825B5AC0200C0C6A5 /* DispatchTargetCommon.xcconfig */;
			buildSettings = {
			};
			name = Release;
		};
/* End XCBuildConfiguration section */

/* Begin XCConfigurationList section */
		1D34D695259477BB00167241 /* Build configuration list for PBXProject "dispatch" */ = {
			isa = XCConfigurationList;
			buildConfigurations = (
				1D34D69F259477BB00167241 /* Debug */,
				1D34D6A0259477BB00167241 /* Release */,
			);
			defaultConfigurationIsVisible = 0;
			defaultConfigurationName = Release;
		};
		1D34D6A1259477BB00167241 /* Build configuration list for PBXNativeTarget "dispatch" */ = {
			isa = XCConfigurationList;
			buildConfigurations = (
				1D34D6A2259477BB00167241 /* Debug */,
				1D34D6A3259477BB00167241 /* Release */,
			);
			defaultConfigurationIsVisible = 0;
			defaultConfigurationName = Release;
		};
/* End XCConfigurationList section */
	};
	rootObject = 1D34D692259477BB00167241 /* Project object */;
}
