// !$*UTF8*$!
{
	archiveVersion = 1;
	classes = {
	};
	objectVersion = 50;
	objects = {

/* Begin PBXBuildFile section */
		1D34D69E259477BB00167241 /* main.m in Sources */ = {isa = PBXBuildFile; fileRef = 1D34D69D259477BB00167241 /* main.m */; };
		1D34D6AB2594CA7B00167241 /* ActionFromName.m in Sources */ = {isa = PBXBuildFile; fileRef = 1D34D6AA2594CA7A00167241 /* ActionFromName.m */; };
		1DA1150125B31B5800C0C6A5 /* LogStream.c in Sources */ = {isa = PBXBuildFile; fileRef = 1DA1150025B31B5800C0C6A5 /* LogStream.c */; };
/* End PBXBuildFile section */

/* Begin PBXCopyFilesBuildPhase section */
		1D34D698259477BB00167241 /* CopyFiles */ = {
			isa = PBXCopyFilesBuildPhase;
			buildActionMask = 2147483647;
			dstPath = /usr/share/man/man1/;
			dstSubfolderSpec = 0;
			files = (
			);
			runOnlyForDeploymentPostprocessing = 1;
		};
/* End PBXCopyFilesBuildPhase section */

/* Begin PBXFileReference section */
		1D34D69A259477BB00167241 /* dispatch */ = {isa = PBXFileReference; explicitFileType = "compiled.mach-o.executable"; includeInIndex = 0; path = dispatch; sourceTree = BUILT_PRODUCTS_DIR; };
		1D34D69D259477BB00167241 /* main.m */ = {isa = PBXFileReference; lastKnownFileType = sourcecode.c.objc; path = main.m; sourceTree = "<group>"; };
		1D34D6A62594C89500167241 /* ReplayAction.h */ = {isa = PBXFileReference; lastKnownFileType = sourcecode.c.h; path = ReplayAction.h; sourceTree = SOURCE_ROOT; };
		1D34D6AA2594CA7A00167241 /* ActionFromName.m */ = {isa = PBXFileReference; fileEncoding = 4; lastKnownFileType = sourcecode.c.objc; path = ActionFromName.m; sourceTree = SOURCE_ROOT; };
		1D34D6B72597645400167241 /* ReplayServer.h */ = {isa = PBXFileReference; lastKnownFileType = sourcecode.c.h; path = ReplayServer.h; sourceTree = SOURCE_ROOT; };
		1D34D6C3259AA0AF00167241 /* Info.plist */ = {isa = PBXFileReference; lastKnownFileType = text.plist; path = Info.plist; sourceTree = SOURCE_ROOT; };
		1DA114FF25B31B5800C0C6A5 /* LogStream.h */ = {isa = PBXFileReference; fileEncoding = 4; lastKnownFileType = sourcecode.c.h; path = LogStream.h; sourceTree = SOURCE_ROOT; };
		1DA1150025B31B5800C0C6A5 /* LogStream.c */ = {isa = PBXFileReference; fileEncoding = 4; lastKnownFileType = sourcecode.c.c; path = LogStream.c; sourceTree = SOURCE_ROOT; };
		1DA1153525B5AC0200C0C6A5 /* ReplayProjectRelease.xcconfig */ = {isa = PBXFileReference; lastKnownFileType = text.xcconfig; path = ReplayProjectRelease.xcconfig; sourceTree = "<group>"; };
		1DA1153625B5AC0200C0C6A5 /* ReplayProjectCommon.xcconfig */ = {isa = PBXFileReference; lastKnownFileType = text.xcconfig; path = ReplayProjectCommon.xcconfig; sourceTree = "<group>"; };
		1DA1153725B5AC0200C0C6A5 /* ReplayProjectDebug.xcconfig */ = {isa = PBXFileReference; lastKnownFileType = text.xcconfig; path = ReplayProjectDebug.xcconfig; sourceTree = "<group>"; };
		1DA1153825B5AC0200C0C6A5 /* DispatchTargetCommon.xcconfig */ = {isa = PBXFileReference; lastKnownFileType = text.xcconfig; path = DispatchTargetCommon.xcconfig; sourceTree = "<group>"; };
/* End PBXFileReference section */

/* Begin PBXFrameworksBuildPhase section */
		1D34D697259477BB00167241 /* Frameworks */ = {
			isa = PBXFrameworksBuildPhase;
			buildActionMask = 2147483647;
			files = (
			);
			runOnlyForDeploymentPostprocessing = 0;
		};
/* End PBXFrameworksBuildPhase section */

/* Begin PBXGroup section */
		1D34D691259477BB00167241 = {
			isa = PBXGroup;
			children = (
				1D34D69C259477BB00167241 /* dispatch */,
				1D34D69B259477BB00167241 /* Products */,
			);
			sourceTree = "<group>";
		};
		1D34D69B259477BB00167241 /* Products */ = {
			isa = PBXGroup;
			children = (
				1D34D69A259477BB00167241 /* dispatch */,
			);
			name = Products;
			sourceTree = "<group>";
		};
		1D34D69C259477BB00167241 /* dispatch */ = {
			isa = PBXGroup;
			children = (
				1D34D6C3259AA0AF00167241 /* Info.plist */,
				1D34D69D259477BB00167241 /* main.m */,
				1D34D6A62594C89500167241 /* ReplayAction.h */,
				1D34D6B72597645400167241 /* ReplayServer.h */,
				1D34D6AA2594CA7A00167241 /* ActionFromName.m */,
				1DA1150025B31B5800C0C6A5 /* LogStream.c */,
				1DA114FF25B31B5800C0C6A5 /* LogStream.h */,
				1DA1153425B5AC0200C0C6A5 /* xcconfigs */,
			);
			path = dispatch;
			sourceTree = "<group>";
		};
		1DA1153425B5AC0200C0C6A5 /* xcconfigs */ = {
			isa = PBXGroup;
			children = (
				1DA1153525B5AC0200C0C6A5 /* ReplayProjectRelease.xcconfig */,
				1DA1153625B5AC0200C0C6A5 /* ReplayProjectCommon.xcconfig */,
				1DA1153725B5AC0200C0C6A5 /* ReplayProjectDebug.xcconfig */,
				1DA1153825B5AC0200C0C6A5 /* DispatchTargetCommon.xcconfig */,
			);
			path = xcconfigs;
			sourceTree = SOURCE_ROOT;
		};
/* End PBXGroup section */

/* Begin PBXNativeTarget section */
		1D34D699259477BB00167241 /* dispatch */ = {
			isa = PBXNativeTarget;
			buildConfigurationList = 1D34D6A1259477BB00167241 /* Build configuration list for PBXNativeTarget "dispatch" */;
			buildPhases = (
				1D34D696259477BB00167241 /* Sources */,
				1D34D697259477BB00167241 /* Frameworks */,
				1D34D698259477BB00167241 /* CopyFiles */,
			);
			buildRules = (
			);
			dependencies = (
			);
			name = dispatch;
			productName = dispatch;
			productReference = 1D34D69A259477BB00167241 /* dispatch */;
			productType = "com.apple.product-type.tool";
		};
/* End PBXNativeTarget section */

/* Begin PBXProject section */
		1D34D692259477BB00167241 /* Project object */ = {
			isa = PBXProject;
			attributes = {
				LastUpgradeCheck = 1230;
				TargetAttributes = {
					1D34D699259477BB00167241 = {
						CreatedOnToolsVersion = 12.3;
					};
				};
			};
			buildConfigurationList = 1D34D695259477BB00167241 /* Build configuration list for PBXProject "dispatch" */;
			compatibilityVersion = "Xcode 9.3";
			developmentRegion = en;
			hasScannedForEncodings = 0;
			knownRegions = (
				en,
				Base,
			);
			mainGroup = 1D34D691259477BB00167241;
			productRefGroup = 1D34D69B259477BB00167241 /* Products */;
			projectDirPath = "";
			projectRoot = "";
			targets = (
				1D34D699259477BB00167241 /* dispatch */,
			);
		};
/* End PBXProject section */

/* Begin PBXSourcesBuildPhase section */
		1D34D696259477BB00167241 /* Sources */ = {
			isa = PBXSourcesBuildPhase;
			buildActionMask = 2147483647;
			files = (
				1DA1150125B31B5800C0C6A5 /* LogStream.c in Sources */,
				1D34D6AB2594CA7B00167241 /* ActionFromName.m in Sources */,
				1D34D69E259477BB00167241 /* main.m in Sources */,
			);
			runOnlyForDeploymentPostprocessing = 0;
		};
/* End PBXSourcesBuildPhase section */

/* Begin XCBuildConfiguration section */
		1D34D69F259477BB00167241 /* Debug */ = {
			isa = XCBuildConfiguration;
			baseConfigurationReference = 1DA1153725B5AC0200C0C6A5 /* ReplayProjectDebug.xcconfig */;
			buildSettings = {
			};
			name = Debug;
		};
		1D34D6A0259477BB00167241 /* Release */ = {
			isa = XCBuildConfiguration;
			baseConfigurationReference = 1DA1153525B5AC0200C0C6A5 /* ReplayProjectRelease.xcconfig */;
			buildSettings = {
			};
			name = Release;
		};
		1D34D6A2259477BB00167241 /* Debug */ = {
			isa = XCBuildConfiguration;
			baseConfigurationReference = 1DA1153825B5AC0200C0C6A5 /* DispatchTargetCommon.xcconfig */;
			buildSettings = {
				CURRENT_PROJECT_VERSION = 1.0.1;
				MARKETING_VERSION = 1.0.1;
			};
			name = Debug;
		};
		1D34D6A3259477BB00167241 /* Release */ = {
			isa = XCBuildConfiguration;
			baseConfigurationReference = 1DA1153825B5AC0200C0C6A5 /* DispatchTargetCommon.xcconfig */;
			buildSettings = {
				CURRENT_PROJECT_VERSION = 1.0.1;
				MARKETING_VERSION = 1.0.1;
			};
			name = Release;
		};
/* End XCBuildConfiguration section */

/* Begin XCConfigurationList section */
		1D34D695259477BB00167241 /* Build configuration list for PBXProject "dispatch" */ = {
			isa = XCConfigurationList;
			buildConfigurations = (
				1D34D69F259477BB00167241 /* Debug */,
				1D34D6A0259477BB00167241 /* Release */,
			);
			defaultConfigurationIsVisible = 0;
			defaultConfigurationName = Release;
		};
		1D34D6A1259477BB00167241 /* Build configuration list for PBXNativeTarget "dispatch" */ = {
			isa = XCConfigurationList;
			buildConfigurations = (
				1D34D6A2259477BB00167241 /* Debug */,
				1D34D6A3259477BB00167241 /* Release */,
			);
			defaultConfigurationIsVisible = 0;
			defaultConfigurationName = Release;
		};
/* End XCConfigurationList section */
	};
	rootObject = 1D34D692259477BB00167241 /* Project object */;
}
