// !$*UTF8*$!
{
	archiveVersion = 1;
	classes = {
	};
	objectVersion = 70;
	objects = {

/* Begin PBXCopyFilesBuildPhase section */
		1D4070D7252B340200C9B7F0 /* CopyFiles */ = {
			isa = PBXCopyFilesBuildPhase;
			buildActionMask = 2147483647;
			dstPath = /usr/share/man/man1/;
			dstSubfolderSpec = 0;
			files = (
			);
			runOnlyForDeploymentPostprocessing = 1;
		};
/* End PBXCopyFilesBuildPhase section */

/* Begin PBXFileReference section */
		1D4070D9252B340200C9B7F0 /* FileTree */ = {isa = PBXFileReference; explicitFileType = "compiled.mach-o.executable"; includeInIndex = 0; path = FileTree; sourceTree = BUILT_PRODUCTS_DIR; };
		1DB17E642F7E4E9F00E67624 /* ReplayProjectCommon.xcconfig */ = {isa = PBXFileReference; lastKnownFileType = text.xcconfig; name = ReplayProjectCommon.xcconfig; path = xcconfigs/ReplayProjectCommon.xcconfig; sourceTree = "<group>"; };
/* End PBXFileReference section */

/* Begin PBXFileSystemSynchronizedRootGroup section */
		1DDD17EB2F7C385100DB718A /* file-tree */ = {isa = PBXFileSystemSynchronizedRootGroup; explicitFileTypes = {}; explicitFolders = (); path = "file-tree"; sourceTree = "<group>"; };
		1DDD18142F7C3AE300DB718A /* common */ = {isa = PBXFileSystemSynchronizedRootGroup; explicitFileTypes = {}; explicitFolders = (); path = common; sourceTree = "<group>"; };
/* End PBXFileSystemSynchronizedRootGroup section */

/* Begin PBXFrameworksBuildPhase section */
		1D4070D6252B340200C9B7F0 /* Frameworks */ = {
			isa = PBXFrameworksBuildPhase;
			buildActionMask = 2147483647;
			files = (
			);
			runOnlyForDeploymentPostprocessing = 0;
		};
/* End PBXFrameworksBuildPhase section */

/* Begin PBXGroup section */
		1D4070D0252B340200C9B7F0 = {
			isa = PBXGroup;
			children = (
				1DB17E642F7E4E9F00E67624 /* ReplayProjectCommon.xcconfig */,
				1DDD18142F7C3AE300DB718A /* common */,
				1DDD17EB2F7C385100DB718A /* file-tree */,
				1D4070DA252B340200C9B7F0 /* Products */,
			);
			sourceTree = "<group>";
		};
		1D4070DA252B340200C9B7F0 /* Products */ = {
			isa = PBXGroup;
			children = (
				1D4070D9252B340200C9B7F0 /* FileTree */,
			);
			name = Products;
			sourceTree = "<group>";
		};
/* End PBXGroup section */

/* Begin PBXNativeTarget section */
		1D4070D8252B340200C9B7F0 /* FileTree */ = {
			isa = PBXNativeTarget;
			buildConfigurationList = 1D4070E0252B340200C9B7F0 /* Build configuration list for PBXNativeTarget "FileTree" */;
			buildPhases = (
				1D4070D5252B340200C9B7F0 /* Sources */,
				1D4070D6252B340200C9B7F0 /* Frameworks */,
				1D4070D7252B340200C9B7F0 /* CopyFiles */,
			);
			buildRules = (
			);
			dependencies = (
			);
			fileSystemSynchronizedGroups = (
				1DDD17EB2F7C385100DB718A /* file-tree */,
				1DDD18142F7C3AE300DB718A /* common */,
			);
			name = FileTree;
			productName = FileTree;
			productReference = 1D4070D9252B340200C9B7F0 /* FileTree */;
			productType = "com.apple.product-type.tool";
		};
/* End PBXNativeTarget section */

/* Begin PBXProject section */
		1D4070D1252B340200C9B7F0 /* Project object */ = {
			isa = PBXProject;
			attributes = {
				LastUpgradeCheck = 1200;
				TargetAttributes = {
					1D4070D8252B340200C9B7F0 = {
						CreatedOnToolsVersion = 12.0;
					};
				};
			};
			buildConfigurationList = 1D4070D4252B340200C9B7F0 /* Build configuration list for PBXProject "FileTree" */;
			compatibilityVersion = "Xcode 9.3";
			developmentRegion = en;
			hasScannedForEncodings = 0;
			knownRegions = (
				en,
				Base,
			);
			mainGroup = 1D4070D0252B340200C9B7F0;
			productRefGroup = 1D4070DA252B340200C9B7F0 /* Products */;
			projectDirPath = "";
			projectRoot = "";
			targets = (
				1D4070D8252B340200C9B7F0 /* FileTree */,
			);
		};
/* End PBXProject section */

/* Begin PBXSourcesBuildPhase section */
		1D4070D5252B340200C9B7F0 /* Sources */ = {
			isa = PBXSourcesBuildPhase;
			buildActionMask = 2147483647;
			files = (
			);
			runOnlyForDeploymentPostprocessing = 0;
		};
/* End PBXSourcesBuildPhase section */

/* Begin XCBuildConfiguration section */
		1D4070DE252B340200C9B7F0 /* Debug */ = {
			isa = XCBuildConfiguration;
			baseConfigurationReference = 1DB17E642F7E4E9F00E67624 /* ReplayProjectCommon.xcconfig */;
			buildSettings = {
				COPY_PHASE_STRIP = NO;
				DEBUG_INFORMATION_FORMAT = dwarf;
				ENABLE_TESTABILITY = YES;
				GCC_DYNAMIC_NO_PIC = NO;
				GCC_OPTIMIZATION_LEVEL = 0;
				GCC_PREPROCESSOR_DEFINITIONS = (
					"DEBUG=1",
					"$(inherited)",
				);
				ONLY_ACTIVE_ARCH = YES;
				OTHER_CFLAGS = "-fstack-protector";
			};
			name = Debug;
		};
		1D4070DF252B340200C9B7F0 /* Release */ = {
			isa = XCBuildConfiguration;
			baseConfigurationReference = 1DB17E642F7E4E9F00E67624 /* ReplayProjectCommon.xcconfig */;
			buildSettings = {
				COPY_PHASE_STRIP = NO;
				DEBUG_INFORMATION_FORMAT = "dwarf-with-dsym";
				ENABLE_NS_ASSERTIONS = NO;
				OTHER_CFLAGS = "-fstack-protector";
			};
			name = Release;
		};
		1D4070E1252B340200C9B7F0 /* Debug */ = {
			isa = XCBuildConfiguration;
			buildSettings = {
				OTHER_LDFLAGS = (
					"-framework",
					CoreFoundation,
				);
			};
			name = Debug;
		};
		1D4070E2252B340200C9B7F0 /* Release */ = {
			isa = XCBuildConfiguration;
			buildSettings = {
				GCC_OPTIMIZATION_LEVEL = fast;
				OTHER_LDFLAGS = (
					"-framework",
					CoreFoundation,
				);
			};
			name = Release;
		};
/* End XCBuildConfiguration section */

/* Begin XCConfigurationList section */
		1D4070D4252B340200C9B7F0 /* Build configuration list for PBXProject "FileTree" */ = {
			isa = XCConfigurationList;
			buildConfigurations = (
				1D4070DE252B340200C9B7F0 /* Debug */,
				1D4070DF252B340200C9B7F0 /* Release */,
			);
			defaultConfigurationIsVisible = 0;
			defaultConfigurationName = Release;
		};
		1D4070E0252B340200C9B7F0 /* Build configuration list for PBXNativeTarget "FileTree" */ = {
			isa = XCConfigurationList;
			buildConfigurations = (
				1D4070E1252B340200C9B7F0 /* Debug */,
				1D4070E2252B340200C9B7F0 /* Release */,
			);
			defaultConfigurationIsVisible = 0;
			defaultConfigurationName = Release;
		};
/* End XCConfigurationList section */
	};
	rootObject = 1D4070D1252B340200C9B7F0 /* Project object */;
}
