// !$*UTF8*$!
{
	archiveVersion = 1;
	classes = {
	};
	objectVersion = 70;
	objects = {

/* Begin PBXCopyFilesBuildPhase section */
		1D19043224DE9EE900276D83 /* CopyFiles */ = {
			isa = PBXCopyFilesBuildPhase;
			buildActionMask = 2147483647;
			dstPath = /usr/share/man/man1/;
			dstSubfolderSpec = 0;
			files = (
			);
			runOnlyForDeploymentPostprocessing = 1;
		};
/* End PBXCopyFilesBuildPhase section */

/* Begin PBXFileReference section */
		1D19043424DE9EE900276D83 /* replay */ = {isa = PBXFileReference; explicitFileType = "compiled.mach-o.executable"; includeInIndex = 0; path = replay; sourceTree = BUILT_PRODUCTS_DIR; };
		1DA1152025B5A35700C0C6A5 /* ReplayProjectRelease.xcconfig */ = {isa = PBXFileReference; lastKnownFileType = text.xcconfig; path = ReplayProjectRelease.xcconfig; sourceTree = "<group>"; };
		1DA1152125B5A35700C0C6A5 /* ReplayProjectCommon.xcconfig */ = {isa = PBXFileReference; lastKnownFileType = text.xcconfig; path = ReplayProjectCommon.xcconfig; sourceTree = "<group>"; };
		1DA1152225B5A35700C0C6A5 /* ReplayProjectDebug.xcconfig */ = {isa = PBXFileReference; lastKnownFileType = text.xcconfig; path = ReplayProjectDebug.xcconfig; sourceTree = "<group>"; };
		1DA1152625B5A77B00C0C6A5 /* ReplayTargetCommon.xcconfig */ = {isa = PBXFileReference; lastKnownFileType = text.xcconfig; path = ReplayTargetCommon.xcconfig; sourceTree = "<group>"; };
		1DFE39EF257D98E500BFE48E /* README.md */ = {isa = PBXFileReference; lastKnownFileType = net.daringfireball.markdown; path = README.md; sourceTree = "<group>"; };
/* End PBXFileReference section */

/* Begin PBXFileSystemSynchronizedBuildFileExceptionSet section */
		1DA1C8F12F7C3DC1000F2E31 /* PBXFileSystemSynchronizedBuildFileExceptionSet */ = {
			isa = PBXFileSystemSynchronizedBuildFileExceptionSet;
			membershipExceptions = (
				main.cpp,
			);
			target = 1D19043324DE9EE900276D83 /* replay */;
		};
		1DA1C8FF2F7C3DF5000F2E31 /* PBXFileSystemSynchronizedBuildFileExceptionSet */ = {
			isa = PBXFileSystemSynchronizedBuildFileExceptionSet;
			membershipExceptions = (
				globoverlap.cpp,
			);
			target = 1D19043324DE9EE900276D83 /* replay */;
		};
		1DA1C90B2F7C3E50000F2E31 /* PBXFileSystemSynchronizedBuildFileExceptionSet */ = {
			isa = PBXFileSystemSynchronizedBuildFileExceptionSet;
			membershipExceptions = (
				main.mm,
			);
			target = 1D19043324DE9EE900276D83 /* replay */;
		};
		1DB179DF2F7DFA1700E67624 /* PBXFileSystemSynchronizedBuildFileExceptionSet */ = {
			isa = PBXFileSystemSynchronizedBuildFileExceptionSet;
			membershipExceptions = (
				main.mm,
			);
			target = 1D19043324DE9EE900276D83 /* replay */;
		};
/* End PBXFileSystemSynchronizedBuildFileExceptionSet section */

/* Begin PBXFileSystemSynchronizedRootGroup section */
		1DA1C8E72F7C3D9D000F2E31 /* common */ = {isa = PBXFileSystemSynchronizedRootGroup; explicitFileTypes = {}; explicitFolders = (); path = common; sourceTree = "<group>"; };
		1DA1C8EE2F7C3DBB000F2E31 /* file-tree */ = {isa = PBXFileSystemSynchronizedRootGroup; exceptions = (1DA1C8F12F7C3DC1000F2E31 /* PBXFileSystemSynchronizedBuildFileExceptionSet */, ); explicitFileTypes = {}; explicitFolders = (); path = "file-tree"; sourceTree = "<group>"; };
		1DA1C8FA2F7C3DE9000F2E31 /* medusa-objc */ = {isa = PBXFileSystemSynchronizedRootGroup; exceptions = (1DB179DF2F7DFA1700E67624 /* PBXFileSystemSynchronizedBuildFileExceptionSet */, ); explicitFileTypes = {}; explicitFolders = (); path = "medusa-objc"; sourceTree = "<group>"; };
		1DA1C9072F7C3E4B000F2E31 /* scheduler */ = {isa = PBXFileSystemSynchronizedRootGroup; exceptions = (1DA1C90B2F7C3E50000F2E31 /* PBXFileSystemSynchronizedBuildFileExceptionSet */, ); explicitFileTypes = {}; explicitFolders = (); path = scheduler; sourceTree = "<group>"; };
		1DA1C91F2F7C4097000F2E31 /* replay */ = {isa = PBXFileSystemSynchronizedRootGroup; explicitFileTypes = {}; explicitFolders = (); path = replay; sourceTree = "<group>"; };
		1DB179DD2F7DF9C500E67624 /* action */ = {isa = PBXFileSystemSynchronizedRootGroup; explicitFileTypes = {}; explicitFolders = (); path = action; sourceTree = "<group>"; };
		1DB17ACC2F7E002F00E67624 /* replay-server */ = {isa = PBXFileSystemSynchronizedRootGroup; explicitFileTypes = {}; explicitFolders = (); path = "replay-server"; sourceTree = "<group>"; };
		1DDC25132FAD644F004B4724 /* sandbox */ = {isa = PBXFileSystemSynchronizedRootGroup; explicitFileTypes = {}; explicitFolders = (); path = sandbox; sourceTree = "<group>"; };
		1DDC257B2FB05AA1004B4724 /* file-helpers */ = {isa = PBXFileSystemSynchronizedRootGroup; explicitFileTypes = {}; explicitFolders = (); path = "file-helpers"; sourceTree = "<group>"; };
		1DDC25882FB2F759004B4724 /* src */ = {isa = PBXFileSystemSynchronizedRootGroup; explicitFileTypes = {}; explicitFolders = (); path = src; sourceTree = "<group>"; };
		1DDC258F2FB2F9C5004B4724 /* yyjson-cpp */ = {isa = PBXFileSystemSynchronizedRootGroup; explicitFileTypes = {}; explicitFolders = (); path = "yyjson-cpp"; sourceTree = "<group>"; };
		1DDD17A62F7B4E7800DB718A /* glob-overlap */ = {isa = PBXFileSystemSynchronizedRootGroup; exceptions = (1DA1C8FF2F7C3DF5000F2E31 /* PBXFileSystemSynchronizedBuildFileExceptionSet */, ); explicitFileTypes = {}; explicitFolders = (); path = "glob-overlap"; sourceTree = "<group>"; };
		1DDD17AF2F7B4EBA00DB718A /* glob-cpp */ = {isa = PBXFileSystemSynchronizedRootGroup; explicitFileTypes = {}; explicitFolders = (); path = "glob-cpp"; sourceTree = "<group>"; };
/* End PBXFileSystemSynchronizedRootGroup section */

/* Begin PBXFrameworksBuildPhase section */
		1D19043124DE9EE900276D83 /* Frameworks */ = {
			isa = PBXFrameworksBuildPhase;
			buildActionMask = 2147483647;
			files = (
			);
			runOnlyForDeploymentPostprocessing = 0;
		};
/* End PBXFrameworksBuildPhase section */

/* Begin PBXGroup section */
		1D19042B24DE9EE900276D83 = {
			isa = PBXGroup;
			children = (
				1DB179DD2F7DF9C500E67624 /* action */,
				1DA1C91F2F7C4097000F2E31 /* replay */,
				1DFE39EF257D98E500BFE48E /* README.md */,
				1DB17ACC2F7E002F00E67624 /* replay-server */,
				1DA1C9072F7C3E4B000F2E31 /* scheduler */,
				1DA1C8FA2F7C3DE9000F2E31 /* medusa-objc */,
				1DDC257B2FB05AA1004B4724 /* file-helpers */,
				1DA1C8EE2F7C3DBB000F2E31 /* file-tree */,
				1DA1C8E72F7C3D9D000F2E31 /* common */,
				1DDD17AF2F7B4EBA00DB718A /* glob-cpp */,
				1DDD17A62F7B4E7800DB718A /* glob-overlap */,
				1DDC25132FAD644F004B4724 /* sandbox */,
				1DDC25802FB2F61D004B4724 /* yyjson */,
				1DDC258F2FB2F9C5004B4724 /* yyjson-cpp */,
				1DA1151F25B5A35700C0C6A5 /* xcconfigs */,
				1D19043524DE9EE900276D83 /* Products */,
			);
			sourceTree = "<group>";
		};
		1D19043524DE9EE900276D83 /* Products */ = {
			isa = PBXGroup;
			children = (
				1D19043424DE9EE900276D83 /* replay */,
			);
			name = Products;
			sourceTree = "<group>";
		};
		1DA1151F25B5A35700C0C6A5 /* xcconfigs */ = {
			isa = PBXGroup;
			children = (
				1DA1152125B5A35700C0C6A5 /* ReplayProjectCommon.xcconfig */,
				1DA1152025B5A35700C0C6A5 /* ReplayProjectRelease.xcconfig */,
				1DA1152225B5A35700C0C6A5 /* ReplayProjectDebug.xcconfig */,
				1DA1152625B5A77B00C0C6A5 /* ReplayTargetCommon.xcconfig */,
			);
			path = xcconfigs;
			sourceTree = "<group>";
		};
		1DDC25802FB2F61D004B4724 /* yyjson */ = {
			isa = PBXGroup;
			children = (
				1DDC25882FB2F759004B4724 /* src */,
			);
			path = yyjson;
			sourceTree = SOURCE_ROOT;
		};
/* End PBXGroup section */

/* Begin PBXNativeTarget section */
		1D19043324DE9EE900276D83 /* replay */ = {
			isa = PBXNativeTarget;
			buildConfigurationList = 1D19043B24DE9EE900276D83 /* Build configuration list for PBXNativeTarget "replay" */;
			buildPhases = (
				1D19043024DE9EE900276D83 /* Sources */,
				1D19043124DE9EE900276D83 /* Frameworks */,
				1D19043224DE9EE900276D83 /* CopyFiles */,
			);
			buildRules = (
			);
			dependencies = (
			);
			fileSystemSynchronizedGroups = (
				1DA1C8E72F7C3D9D000F2E31 /* common */,
				1DA1C8EE2F7C3DBB000F2E31 /* file-tree */,
				1DA1C8FA2F7C3DE9000F2E31 /* medusa-objc */,
				1DA1C9072F7C3E4B000F2E31 /* scheduler */,
				1DA1C91F2F7C4097000F2E31 /* replay */,
				1DB179DD2F7DF9C500E67624 /* action */,
				1DB17ACC2F7E002F00E67624 /* replay-server */,
				1DDC25132FAD644F004B4724 /* sandbox */,
				1DDC257B2FB05AA1004B4724 /* file-helpers */,
				1DDC25882FB2F759004B4724 /* src */,
				1DDC258F2FB2F9C5004B4724 /* yyjson-cpp */,
				1DDD17A62F7B4E7800DB718A /* glob-overlap */,
				1DDD17AF2F7B4EBA00DB718A /* glob-cpp */,
			);
			name = replay;
			productName = replay;
			productReference = 1D19043424DE9EE900276D83 /* replay */;
			productType = "com.apple.product-type.tool";
		};
/* End PBXNativeTarget section */

/* Begin PBXProject section */
		1D19042C24DE9EE900276D83 /* Project object */ = {
			isa = PBXProject;
			attributes = {
				LastUpgradeCheck = 1150;
				ORGANIZATIONNAME = "Tomasz Kukielka";
				TargetAttributes = {
					1D19043324DE9EE900276D83 = {
						CreatedOnToolsVersion = 11.5;
					};
				};
			};
			buildConfigurationList = 1D19042F24DE9EE900276D83 /* Build configuration list for PBXProject "replay" */;
			compatibilityVersion = "Xcode 9.3";
			developmentRegion = en;
			hasScannedForEncodings = 0;
			knownRegions = (
				en,
				Base,
			);
			mainGroup = 1D19042B24DE9EE900276D83;
			productRefGroup = 1D19043524DE9EE900276D83 /* Products */;
			projectDirPath = "";
			projectRoot = "";
			targets = (
				1D19043324DE9EE900276D83 /* replay */,
			);
		};
/* End PBXProject section */

/* Begin PBXSourcesBuildPhase section */
		1D19043024DE9EE900276D83 /* Sources */ = {
			isa = PBXSourcesBuildPhase;
			buildActionMask = 2147483647;
			files = (
			);
			runOnlyForDeploymentPostprocessing = 0;
		};
/* End PBXSourcesBuildPhase section */

/* Begin XCBuildConfiguration section */
		1D19043924DE9EE900276D83 /* Debug */ = {
			isa = XCBuildConfiguration;
			baseConfigurationReference = 1DA1152225B5A35700C0C6A5 /* ReplayProjectDebug.xcconfig */;
			buildSettings = {
			};
			name = Debug;
		};
		1D19043A24DE9EE900276D83 /* Release */ = {
			isa = XCBuildConfiguration;
			baseConfigurationReference = 1DA1152025B5A35700C0C6A5 /* ReplayProjectRelease.xcconfig */;
			buildSettings = {
			};
			name = Release;
		};
		1D19043C24DE9EE900276D83 /* Debug */ = {
			isa = XCBuildConfiguration;
			baseConfigurationReference = 1DA1152625B5A77B00C0C6A5 /* ReplayTargetCommon.xcconfig */;
			buildSettings = {
			};
			name = Debug;
		};
		1D19043D24DE9EE900276D83 /* Release */ = {
			isa = XCBuildConfiguration;
			baseConfigurationReference = 1DA1152625B5A77B00C0C6A5 /* ReplayTargetCommon.xcconfig */;
			buildSettings = {
			};
			name = Release;
		};
/* End XCBuildConfiguration section */

/* Begin XCConfigurationList section */
		1D19042F24DE9EE900276D83 /* Build configuration list for PBXProject "replay" */ = {
			isa = XCConfigurationList;
			buildConfigurations = (
				1D19043924DE9EE900276D83 /* Debug */,
				1D19043A24DE9EE900276D83 /* Release */,
			);
			defaultConfigurationIsVisible = 0;
			defaultConfigurationName = Release;
		};
		1D19043B24DE9EE900276D83 /* Build configuration list for PBXNativeTarget "replay" */ = {
			isa = XCConfigurationList;
			buildConfigurations = (
				1D19043C24DE9EE900276D83 /* Debug */,
				1D19043D24DE9EE900276D83 /* Release */,
			);
			defaultConfigurationIsVisible = 0;
			defaultConfigurationName = Release;
		};
/* End XCConfigurationList section */
	};
	rootObject = 1D19042C24DE9EE900276D83 /* Project object */;
}
