// !$*UTF8*$!
{
	archiveVersion = 1;
	classes = {
	};
	objectVersion = 50;
	objects = {

/* Begin PBXBuildFile section */
		1D1212EA25576DA800E46A72 /* SchedulerMedusa.m in Sources */ = {isa = PBXBuildFile; fileRef = 1D1212E925576DA800E46A72 /* SchedulerMedusa.m */; };
		1D1212F325576E0400E46A72 /* FileTree.c in Sources */ = {isa = PBXBuildFile; fileRef = 1D1212F125576E0400E46A72 /* FileTree.c */; };
		1D1212F82557725B00E46A72 /* TaskScheduler.m in Sources */ = {isa = PBXBuildFile; fileRef = 1D1212F72557725B00E46A72 /* TaskScheduler.m */; };
		1D1212FC2557726900E46A72 /* TaskProxy.m in Sources */ = {isa = PBXBuildFile; fileRef = 1D1212FA2557726900E46A72 /* TaskProxy.m */; };
		1D1213012557B5BA00E46A72 /* ReplayAction.m in Sources */ = {isa = PBXBuildFile; fileRef = 1D1213002557B5BA00E46A72 /* ReplayAction.m */; };
		1D1213072557C08000E46A72 /* ReplayTask.m in Sources */ = {isa = PBXBuildFile; fileRef = 1D1213062557C08000E46A72 /* ReplayTask.m */; };
		1D12130C2557C54B00E46A72 /* SerialDispatch.m in Sources */ = {isa = PBXBuildFile; fileRef = 1D12130B2557C54B00E46A72 /* SerialDispatch.m */; };
		1D1213102557CC7300E46A72 /* StringAndPath.m in Sources */ = {isa = PBXBuildFile; fileRef = 1D12130F2557CC7300E46A72 /* StringAndPath.m */; };
		1D19043824DE9EE900276D83 /* main.m in Sources */ = {isa = PBXBuildFile; fileRef = 1D19043724DE9EE900276D83 /* main.m */; };
		1D34D6A82594CA3400167241 /* ActionFromName.m in Sources */ = {isa = PBXBuildFile; fileRef = 1D34D6A72594CA3400167241 /* ActionFromName.m */; };
		1D34D6AF2597607D00167241 /* ReplayServer.m in Sources */ = {isa = PBXBuildFile; fileRef = 1D34D6AE2597607D00167241 /* ReplayServer.m */; };
		1D34D6B5259762F100167241 /* ActionStream.m in Sources */ = {isa = PBXBuildFile; fileRef = 1D34D6B4259762F100167241 /* ActionStream.m */; };
		1D4B5FC7256E51500063F5E7 /* OutputSerializer.m in Sources */ = {isa = PBXBuildFile; fileRef = 1D4B5FC6256E51500063F5E7 /* OutputSerializer.m */; };
		1D74C1B1256B890D003EB527 /* ConcurrentDispatchWithNoDependency.m in Sources */ = {isa = PBXBuildFile; fileRef = 1D74C1AF256B890D003EB527 /* ConcurrentDispatchWithNoDependency.m */; };
/* End PBXBuildFile section */

/* Begin PBXCopyFilesBuildPhase section */
		1D19043224DE9EE900276D83 /* CopyFiles */ = {
			isa = PBXCopyFilesBuildPhase;
			buildActionMask = 2147483647;
			dstPath = /usr/share/man/man1/;
			dstSubfolderSpec = 0;
			files = (
			);
			runOnlyForDeploymentPostprocessing = 1;
		};
/* End PBXCopyFilesBuildPhase section */

/* Begin PBXFileReference section */
		1D1212E925576DA800E46A72 /* SchedulerMedusa.m */ = {isa = PBXFileReference; fileEncoding = 4; lastKnownFileType = sourcecode.c.objc; path = SchedulerMedusa.m; sourceTree = "<group>"; };
		1D1212EC25576DB000E46A72 /* SchedulerMedusa.h */ = {isa = PBXFileReference; lastKnownFileType = sourcecode.c.h; path = SchedulerMedusa.h; sourceTree = "<group>"; };
		1D1212F125576E0400E46A72 /* FileTree.c */ = {isa = PBXFileReference; fileEncoding = 4; lastKnownFileType = sourcecode.c.c; name = FileTree.c; path = FileTree/FileTree.c; sourceTree = "<group>"; };
		1D1212F225576E0400E46A72 /* FileTree.h */ = {isa = PBXFileReference; fileEncoding = 4; lastKnownFileType = sourcecode.c.h; name = FileTree.h; path = FileTree/FileTree.h; sourceTree = "<group>"; };
		1D1212F62557725B00E46A72 /* TaskScheduler.h */ = {isa = PBXFileReference; fileEncoding = 4; lastKnownFileType = sourcecode.c.h; path = TaskScheduler.h; sourceTree = "<group>"; };
		1D1212F72557725B00E46A72 /* TaskScheduler.m */ = {isa = PBXFileReference; fileEncoding = 4; lastKnownFileType = sourcecode.c.objc; path = TaskScheduler.m; sourceTree = "<group>"; };
		1D1212FA2557726900E46A72 /* TaskProxy.m */ = {isa = PBXFileReference; fileEncoding = 4; lastKnownFileType = sourcecode.c.objc; path = TaskProxy.m; sourceTree = "<group>"; };
		1D1212FB2557726900E46A72 /* TaskProxy.h */ = {isa = PBXFileReference; fileEncoding = 4; lastKnownFileType = sourcecode.c.h; path = TaskProxy.h; sourceTree = "<group>"; };
		1D1213002557B5BA00E46A72 /* ReplayAction.m */ = {isa = PBXFileReference; lastKnownFileType = sourcecode.c.objc; path = ReplayAction.m; sourceTree = "<group>"; };
		1D1213032557B5F200E46A72 /* ReplayAction.h */ = {isa = PBXFileReference; lastKnownFileType = sourcecode.c.h; path = ReplayAction.h; sourceTree = "<group>"; };
		1D1213052557C08000E46A72 /* ReplayTask.h */ = {isa = PBXFileReference; lastKnownFileType = sourcecode.c.h; path = ReplayTask.h; sourceTree = "<group>"; };
		1D1213062557C08000E46A72 /* ReplayTask.m */ = {isa = PBXFileReference; lastKnownFileType = sourcecode.c.objc; path = ReplayTask.m; sourceTree = "<group>"; };
		1D12130A2557C54B00E46A72 /* SerialDispatch.h */ = {isa = PBXFileReference; lastKnownFileType = sourcecode.c.h; path = SerialDispatch.h; sourceTree = "<group>"; };
		1D12130B2557C54B00E46A72 /* SerialDispatch.m */ = {isa = PBXFileReference; lastKnownFileType = sourcecode.c.objc; path = SerialDispatch.m; sourceTree = "<group>"; };
		1D12130E2557CC7300E46A72 /* StringAndPath.h */ = {isa = PBXFileReference; lastKnownFileType = sourcecode.c.h; path = StringAndPath.h; sourceTree = "<group>"; };
		1D12130F2557CC7300E46A72 /* StringAndPath.m */ = {isa = PBXFileReference; lastKnownFileType = sourcecode.c.objc; path = StringAndPath.m; sourceTree = "<group>"; };
		1D19043424DE9EE900276D83 /* replay */ = {isa = PBXFileReference; explicitFileType = "compiled.mach-o.executable"; includeInIndex = 0; path = replay; sourceTree = BUILT_PRODUCTS_DIR; };
		1D19043724DE9EE900276D83 /* main.m */ = {isa = PBXFileReference; lastKnownFileType = sourcecode.c.objc; path = main.m; sourceTree = "<group>"; };
		1D34D6A72594CA3400167241 /* ActionFromName.m */ = {isa = PBXFileReference; fileEncoding = 4; lastKnownFileType = sourcecode.c.objc; path = ActionFromName.m; sourceTree = "<group>"; };
		1D34D6AE2597607D00167241 /* ReplayServer.m */ = {isa = PBXFileReference; fileEncoding = 4; lastKnownFileType = sourcecode.c.objc; path = ReplayServer.m; sourceTree = "<group>"; };
		1D34D6B12597608500167241 /* ReplayServer.h */ = {isa = PBXFileReference; lastKnownFileType = sourcecode.c.h; path = ReplayServer.h; sourceTree = "<group>"; };
		1D34D6B3259762F100167241 /* ActionStream.h */ = {isa = PBXFileReference; fileEncoding = 4; lastKnownFileType = sourcecode.c.h; path = ActionStream.h; sourceTree = "<group>"; };
		1D34D6B4259762F100167241 /* ActionStream.m */ = {isa = PBXFileReference; fileEncoding = 4; lastKnownFileType = sourcecode.c.objc; path = ActionStream.m; sourceTree = "<group>"; };
		1D4B5FC5256E51500063F5E7 /* OutputSerializer.h */ = {isa = PBXFileReference; lastKnownFileType = sourcecode.c.h; path = OutputSerializer.h; sourceTree = "<group>"; };
		1D4B5FC6256E51500063F5E7 /* OutputSerializer.m */ = {isa = PBXFileReference; lastKnownFileType = sourcecode.c.objc; path = OutputSerializer.m; sourceTree = "<group>"; };
		1D74C1AF256B890D003EB527 /* ConcurrentDispatchWithNoDependency.m */ = {isa = PBXFileReference; fileEncoding = 4; lastKnownFileType = sourcecode.c.objc; path = ConcurrentDispatchWithNoDependency.m; sourceTree = "<group>"; };
		1D74C1B0256B890D003EB527 /* ConcurrentDispatchWithNoDependency.h */ = {isa = PBXFileReference; fileEncoding = 4; lastKnownFileType = sourcecode.c.h; path = ConcurrentDispatchWithNoDependency.h; sourceTree = "<group>"; };
		1DCA6EB4255BFCC60063BBBD /* MedusaTask.h */ = {isa = PBXFileReference; lastKnownFileType = sourcecode.c.h; path = MedusaTask.h; sourceTree = "<group>"; };
		1DFE39EF257D98E500BFE48E /* README.md */ = {isa = PBXFileReference; lastKnownFileType = net.daringfireball.markdown; path = README.md; sourceTree = "<group>"; };
		1DFE39F2257E26C000BFE48E /* Info.plist */ = {isa = PBXFileReference; lastKnownFileType = text.plist.xml; path = Info.plist; sourceTree = "<group>"; };
/* End PBXFileReference section */

/* Begin PBXFrameworksBuildPhase section */
		1D19043124DE9EE900276D83 /* Frameworks */ = {
			isa = PBXFrameworksBuildPhase;
			buildActionMask = 2147483647;
			files = (
			);
			runOnlyForDeploymentPostprocessing = 0;
		};
/* End PBXFrameworksBuildPhase section */

/* Begin PBXGroup section */
		1D19042B24DE9EE900276D83 = {
			isa = PBXGroup;
			children = (
				1DFE39EF257D98E500BFE48E /* README.md */,
				1DFE39F2257E26C000BFE48E /* Info.plist */,
				1D19043724DE9EE900276D83 /* main.m */,
				1D12130E2557CC7300E46A72 /* StringAndPath.h */,
				1D12130F2557CC7300E46A72 /* StringAndPath.m */,
				1D12130A2557C54B00E46A72 /* SerialDispatch.h */,
				1D12130B2557C54B00E46A72 /* SerialDispatch.m */,
				1D74C1B0256B890D003EB527 /* ConcurrentDispatchWithNoDependency.h */,
				1D74C1AF256B890D003EB527 /* ConcurrentDispatchWithNoDependency.m */,
				1D4B5FC5256E51500063F5E7 /* OutputSerializer.h */,
				1D4B5FC6256E51500063F5E7 /* OutputSerializer.m */,
				1D1213002557B5BA00E46A72 /* ReplayAction.m */,
				1D34D6A72594CA3400167241 /* ActionFromName.m */,
				1D1213032557B5F200E46A72 /* ReplayAction.h */,
				1D1213052557C08000E46A72 /* ReplayTask.h */,
				1D1213062557C08000E46A72 /* ReplayTask.m */,
				1D1212EC25576DB000E46A72 /* SchedulerMedusa.h */,
				1D1212E925576DA800E46A72 /* SchedulerMedusa.m */,
				1D1212F62557725B00E46A72 /* TaskScheduler.h */,
				1D1212F72557725B00E46A72 /* TaskScheduler.m */,
				1DCA6EB4255BFCC60063BBBD /* MedusaTask.h */,
				1D1212FB2557726900E46A72 /* TaskProxy.h */,
				1D1212FA2557726900E46A72 /* TaskProxy.m */,
				1D1212F225576E0400E46A72 /* FileTree.h */,
				1D1212F125576E0400E46A72 /* FileTree.c */,
				1D34D6B3259762F100167241 /* ActionStream.h */,
				1D34D6B4259762F100167241 /* ActionStream.m */,
				1D34D6B12597608500167241 /* ReplayServer.h */,
				1D34D6AE2597607D00167241 /* ReplayServer.m */,
				1D19043524DE9EE900276D83 /* Products */,
			);
			sourceTree = "<group>";
		};
		1D19043524DE9EE900276D83 /* Products */ = {
			isa = PBXGroup;
			children = (
				1D19043424DE9EE900276D83 /* replay */,
			);
			name = Products;
			sourceTree = "<group>";
		};
/* End PBXGroup section */

/* Begin PBXNativeTarget section */
		1D19043324DE9EE900276D83 /* replay */ = {
			isa = PBXNativeTarget;
			buildConfigurationList = 1D19043B24DE9EE900276D83 /* Build configuration list for PBXNativeTarget "replay" */;
			buildPhases = (
				1D19043024DE9EE900276D83 /* Sources */,
				1D19043124DE9EE900276D83 /* Frameworks */,
				1D19043224DE9EE900276D83 /* CopyFiles */,
			);
			buildRules = (
			);
			dependencies = (
			);
			name = replay;
			productName = replay;
			productReference = 1D19043424DE9EE900276D83 /* replay */;
			productType = "com.apple.product-type.tool";
		};
/* End PBXNativeTarget section */

/* Begin PBXProject section */
		1D19042C24DE9EE900276D83 /* Project object */ = {
			isa = PBXProject;
			attributes = {
				LastUpgradeCheck = 1150;
				ORGANIZATIONNAME = "Tomasz Kukielka";
				TargetAttributes = {
					1D19043324DE9EE900276D83 = {
						CreatedOnToolsVersion = 11.5;
					};
				};
			};
			buildConfigurationList = 1D19042F24DE9EE900276D83 /* Build configuration list for PBXProject "replay" */;
			compatibilityVersion = "Xcode 9.3";
			developmentRegion = en;
			hasScannedForEncodings = 0;
			knownRegions = (
				en,
				Base,
			);
			mainGroup = 1D19042B24DE9EE900276D83;
			productRefGroup = 1D19043524DE9EE900276D83 /* Products */;
			projectDirPath = "";
			projectRoot = "";
			targets = (
				1D19043324DE9EE900276D83 /* replay */,
			);
		};
/* End PBXProject section */

/* Begin PBXSourcesBuildPhase section */
		1D19043024DE9EE900276D83 /* Sources */ = {
			isa = PBXSourcesBuildPhase;
			buildActionMask = 2147483647;
			files = (
				1D34D6AF2597607D00167241 /* ReplayServer.m in Sources */,
				1D4B5FC7256E51500063F5E7 /* OutputSerializer.m in Sources */,
				1D1212EA25576DA800E46A72 /* SchedulerMedusa.m in Sources */,
				1D1213102557CC7300E46A72 /* StringAndPath.m in Sources */,
				1D1212F82557725B00E46A72 /* TaskScheduler.m in Sources */,
				1D34D6B5259762F100167241 /* ActionStream.m in Sources */,
				1D1213012557B5BA00E46A72 /* ReplayAction.m in Sources */,
				1D74C1B1256B890D003EB527 /* ConcurrentDispatchWithNoDependency.m in Sources */,
				1D34D6A82594CA3400167241 /* ActionFromName.m in Sources */,
				1D19043824DE9EE900276D83 /* main.m in Sources */,
				1D1212F325576E0400E46A72 /* FileTree.c in Sources */,
				1D12130C2557C54B00E46A72 /* SerialDispatch.m in Sources */,
				1D1212FC2557726900E46A72 /* TaskProxy.m in Sources */,
				1D1213072557C08000E46A72 /* ReplayTask.m in Sources */,
			);
			runOnlyForDeploymentPostprocessing = 0;
		};
/* End PBXSourcesBuildPhase section */

/* Begin XCBuildConfiguration section */
		1D19043924DE9EE900276D83 /* Debug */ = {
			isa = XCBuildConfiguration;
			buildSettings = {
				ALWAYS_SEARCH_USER_PATHS = NO;
				CLANG_ANALYZER_NONNULL = YES;
				CLANG_ANALYZER_NUMBER_OBJECT_CONVERSION = YES_AGGRESSIVE;
				CLANG_CXX_LANGUAGE_STANDARD = "gnu++14";
				CLANG_CXX_LIBRARY = "libc++";
				CLANG_ENABLE_MODULES = YES;
				CLANG_ENABLE_OBJC_ARC = YES;
				CLANG_ENABLE_OBJC_WEAK = YES;
				CLANG_WARN_BLOCK_CAPTURE_AUTORELEASING = YES;
				CLANG_WARN_BOOL_CONVERSION = YES;
				CLANG_WARN_COMMA = YES;
				CLANG_WARN_CONSTANT_CONVERSION = YES;
				CLANG_WARN_DEPRECATED_OBJC_IMPLEMENTATIONS = YES;
				CLANG_WARN_DIRECT_OBJC_ISA_USAGE = YES_ERROR;
				CLANG_WARN_DOCUMENTATION_COMMENTS = YES;
				CLANG_WARN_EMPTY_BODY = YES;
				CLANG_WARN_ENUM_CONVERSION = YES;
				CLANG_WARN_INFINITE_RECURSION = YES;
				CLANG_WARN_INT_CONVERSION = YES;
				CLANG_WARN_NON_LITERAL_NULL_CONVERSION = YES;
				CLANG_WARN_OBJC_IMPLICIT_RETAIN_SELF = YES;
				CLANG_WARN_OBJC_LITERAL_CONVERSION = YES;
				CLANG_WARN_OBJC_ROOT_CLASS = YES_ERROR;
				CLANG_WARN_RANGE_LOOP_ANALYSIS = YES;
				CLANG_WARN_STRICT_PROTOTYPES = YES;
				CLANG_WARN_SUSPICIOUS_MOVE = YES;
				CLANG_WARN_UNGUARDED_AVAILABILITY = YES_AGGRESSIVE;
				CLANG_WARN_UNREACHABLE_CODE = YES;
				CLANG_WARN__DUPLICATE_METHOD_MATCH = YES;
				COPY_PHASE_STRIP = NO;
				DEBUG_INFORMATION_FORMAT = dwarf;
				ENABLE_STRICT_OBJC_MSGSEND = YES;
				ENABLE_TESTABILITY = YES;
				GCC_C_LANGUAGE_STANDARD = gnu11;
				GCC_DYNAMIC_NO_PIC = NO;
				GCC_NO_COMMON_BLOCKS = YES;
				GCC_OPTIMIZATION_LEVEL = 0;
				GCC_PREPROCESSOR_DEFINITIONS = (
					"DEBUG=1",
					"$(inherited)",
				);
				GCC_WARN_64_TO_32_BIT_CONVERSION = YES;
				GCC_WARN_ABOUT_RETURN_TYPE = YES_ERROR;
				GCC_WARN_UNDECLARED_SELECTOR = YES;
				GCC_WARN_UNINITIALIZED_AUTOS = YES_AGGRESSIVE;
				GCC_WARN_UNUSED_FUNCTION = YES;
				GCC_WARN_UNUSED_VARIABLE = YES;
				MACOSX_DEPLOYMENT_TARGET = 10.15;
				MTL_ENABLE_DEBUG_INFO = INCLUDE_SOURCE;
				MTL_FAST_MATH = YES;
				ONLY_ACTIVE_ARCH = YES;
				SDKROOT = macosx;
			};
			name = Debug;
		};
		1D19043A24DE9EE900276D83 /* Release */ = {
			isa = XCBuildConfiguration;
			buildSettings = {
				ALWAYS_SEARCH_USER_PATHS = NO;
				CLANG_ANALYZER_NONNULL = YES;
				CLANG_ANALYZER_NUMBER_OBJECT_CONVERSION = YES_AGGRESSIVE;
				CLANG_CXX_LANGUAGE_STANDARD = "gnu++14";
				CLANG_CXX_LIBRARY = "libc++";
				CLANG_ENABLE_MODULES = YES;
				CLANG_ENABLE_OBJC_ARC = YES;
				CLANG_ENABLE_OBJC_WEAK = YES;
				CLANG_WARN_BLOCK_CAPTURE_AUTORELEASING = YES;
				CLANG_WARN_BOOL_CONVERSION = YES;
				CLANG_WARN_COMMA = YES;
				CLANG_WARN_CONSTANT_CONVERSION = YES;
				CLANG_WARN_DEPRECATED_OBJC_IMPLEMENTATIONS = YES;
				CLANG_WARN_DIRECT_OBJC_ISA_USAGE = YES_ERROR;
				CLANG_WARN_DOCUMENTATION_COMMENTS = YES;
				CLANG_WARN_EMPTY_BODY = YES;
				CLANG_WARN_ENUM_CONVERSION = YES;
				CLANG_WARN_INFINITE_RECURSION = YES;
				CLANG_WARN_INT_CONVERSION = YES;
				CLANG_WARN_NON_LITERAL_NULL_CONVERSION = YES;
				CLANG_WARN_OBJC_IMPLICIT_RETAIN_SELF = YES;
				CLANG_WARN_OBJC_LITERAL_CONVERSION = YES;
				CLANG_WARN_OBJC_ROOT_CLASS = YES_ERROR;
				CLANG_WARN_RANGE_LOOP_ANALYSIS = YES;
				CLANG_WARN_STRICT_PROTOTYPES = YES;
				CLANG_WARN_SUSPICIOUS_MOVE = YES;
				CLANG_WARN_UNGUARDED_AVAILABILITY = YES_AGGRESSIVE;
				CLANG_WARN_UNREACHABLE_CODE = YES;
				CLANG_WARN__DUPLICATE_METHOD_MATCH = YES;
				COPY_PHASE_STRIP = NO;
				DEBUG_INFORMATION_FORMAT = "dwarf-with-dsym";
				ENABLE_NS_ASSERTIONS = NO;
				ENABLE_STRICT_OBJC_MSGSEND = YES;
				GCC_C_LANGUAGE_STANDARD = gnu11;
				GCC_NO_COMMON_BLOCKS = YES;
				GCC_PREPROCESSOR_DEFINITIONS = (
					"NDEBUG=1",
					"$(inherited)",
				);
				GCC_WARN_64_TO_32_BIT_CONVERSION = YES;
				GCC_WARN_ABOUT_RETURN_TYPE = YES_ERROR;
				GCC_WARN_UNDECLARED_SELECTOR = YES;
				GCC_WARN_UNINITIALIZED_AUTOS = YES_AGGRESSIVE;
				GCC_WARN_UNUSED_FUNCTION = YES;
				GCC_WARN_UNUSED_VARIABLE = YES;
				MACOSX_DEPLOYMENT_TARGET = 10.15;
				MTL_ENABLE_DEBUG_INFO = NO;
				MTL_FAST_MATH = YES;
				SDKROOT = macosx;
			};
			name = Release;
		};
		1D19043C24DE9EE900276D83 /* Debug */ = {
			isa = XCBuildConfiguration;
			buildSettings = {
				CODE_SIGN_IDENTITY = "-";
				CODE_SIGN_STYLE = Automatic;
				CREATE_INFOPLIST_SECTION_IN_BINARY = YES;
				CURRENT_PROJECT_VERSION = 1.0;
				ENABLE_HARDENED_RUNTIME = YES;
				INFOPLIST_FILE = "$(SRCROOT)/Info.plist";
				INFOPLIST_PREPROCESS = YES;
				MARKETING_VERSION = 1.0;
				PRODUCT_BUNDLE_IDENTIFIER = com.abracode.replay;
				PRODUCT_NAME = "$(TARGET_NAME)";
			};
			name = Debug;
		};
		1D19043D24DE9EE900276D83 /* Release */ = {
			isa = XCBuildConfiguration;
			buildSettings = {
				CODE_SIGN_IDENTITY = "-";
				CODE_SIGN_STYLE = Automatic;
				CREATE_INFOPLIST_SECTION_IN_BINARY = YES;
				CURRENT_PROJECT_VERSION = 1.0;
				ENABLE_HARDENED_RUNTIME = YES;
				INFOPLIST_FILE = "$(SRCROOT)/Info.plist";
				INFOPLIST_PREPROCESS = YES;
				MARKETING_VERSION = 1.0;
				PRODUCT_BUNDLE_IDENTIFIER = com.abracode.replay;
				PRODUCT_NAME = "$(TARGET_NAME)";
			};
			name = Release;
		};
/* End XCBuildConfiguration section */

/* Begin XCConfigurationList section */
		1D19042F24DE9EE900276D83 /* Build configuration list for PBXProject "replay" */ = {
			isa = XCConfigurationList;
			buildConfigurations = (
				1D19043924DE9EE900276D83 /* Debug */,
				1D19043A24DE9EE900276D83 /* Release */,
			);
			defaultConfigurationIsVisible = 0;
			defaultConfigurationName = Release;
		};
		1D19043B24DE9EE900276D83 /* Build configuration list for PBXNativeTarget "replay" */ = {
			isa = XCConfigurationList;
			buildConfigurations = (
				1D19043C24DE9EE900276D83 /* Debug */,
				1D19043D24DE9EE900276D83 /* Release */,
			);
			defaultConfigurationIsVisible = 0;
			defaultConfigurationName = Release;
		};
/* End XCConfigurationList section */
	};
	rootObject = 1D19042C24DE9EE900276D83 /* Project object */;
}
