// !$*UTF8*$!
{
	archiveVersion = 1;
	classes = {
	};
	objectVersion = 70;
	objects = {

/* Begin PBXCopyFilesBuildPhase section */
		1D44722025045B7F00AD4746 /* CopyFiles */ = {
			isa = PBXCopyFilesBuildPhase;
			buildActionMask = 2147483647;
			dstPath = /usr/share/man/man1/;
			dstSubfolderSpec = 0;
			files = (
			);
			runOnlyForDeploymentPostprocessing = 1;
		};
/* End PBXCopyFilesBuildPhase section */

/* Begin PBXFileReference section */
		1D44722225045B7F00AD4746 /* scheduler */ = {isa = PBXFileReference; explicitFileType = "compiled.mach-o.executable"; includeInIndex = 0; path = scheduler; sourceTree = BUILT_PRODUCTS_DIR; };
		1DB17CF72F7E4C4000E67624 /* ReplayProjectCommon.xcconfig */ = {isa = PBXFileReference; lastKnownFileType = text.xcconfig; name = ReplayProjectCommon.xcconfig; path = xcconfigs/ReplayProjectCommon.xcconfig; sourceTree = "<group>"; };
/* End PBXFileReference section */

/* Begin PBXFileSystemSynchronizedBuildFileExceptionSet section */
		1DDD18812F7C3CEA00DB718A /* PBXFileSystemSynchronizedBuildFileExceptionSet */ = {
			isa = PBXFileSystemSynchronizedBuildFileExceptionSet;
			membershipExceptions = (
				globoverlap.cpp,
			);
			target = 1D44722125045B7F00AD4746 /* scheduler */;
		};
		1DDD18822F7C3CF300DB718A /* PBXFileSystemSynchronizedBuildFileExceptionSet */ = {
			isa = PBXFileSystemSynchronizedBuildFileExceptionSet;
			membershipExceptions = (
				main.cpp,
			);
			target = 1D44722125045B7F00AD4746 /* scheduler */;
		};
		1DDD18832F7C3CFA00DB718A /* PBXFileSystemSynchronizedBuildFileExceptionSet */ = {
			isa = PBXFileSystemSynchronizedBuildFileExceptionSet;
			membershipExceptions = (
				main.mm,
			);
			target = 1D44722125045B7F00AD4746 /* scheduler */;
		};
/* End PBXFileSystemSynchronizedBuildFileExceptionSet section */

/* Begin PBXFileSystemSynchronizedRootGroup section */
		1DDD181E2F7C3B1700DB718A /* scheduler */ = {isa = PBXFileSystemSynchronizedRootGroup; explicitFileTypes = {}; explicitFolders = (); path = scheduler; sourceTree = "<group>"; };
		1DDD18262F7C3B3C00DB718A /* common */ = {isa = PBXFileSystemSynchronizedRootGroup; explicitFileTypes = {}; explicitFolders = (); path = common; sourceTree = "<group>"; };
		1DDD182D2F7C3B6200DB718A /* file-tree */ = {isa = PBXFileSystemSynchronizedRootGroup; exceptions = (1DDD18822F7C3CF300DB718A /* PBXFileSystemSynchronizedBuildFileExceptionSet */, ); explicitFileTypes = {}; explicitFolders = (); path = "file-tree"; sourceTree = "<group>"; };
		1DDD18392F7C3B9500DB718A /* medusa-objc */ = {isa = PBXFileSystemSynchronizedRootGroup; exceptions = (1DDD18832F7C3CFA00DB718A /* PBXFileSystemSynchronizedBuildFileExceptionSet */, ); explicitFileTypes = {}; explicitFolders = (); path = "medusa-objc"; sourceTree = "<group>"; };
		1DDD18432F7C3BF600DB718A /* glob-overlap */ = {isa = PBXFileSystemSynchronizedRootGroup; exceptions = (1DDD18812F7C3CEA00DB718A /* PBXFileSystemSynchronizedBuildFileExceptionSet */, ); explicitFileTypes = {}; explicitFolders = (); path = "glob-overlap"; sourceTree = "<group>"; };
		1DDD184B2F7C3C1C00DB718A /* glob-cpp */ = {isa = PBXFileSystemSynchronizedRootGroup; explicitFileTypes = {}; explicitFolders = (); path = "glob-cpp"; sourceTree = "<group>"; };
/* End PBXFileSystemSynchronizedRootGroup section */

/* Begin PBXFrameworksBuildPhase section */
		1D44721F25045B7F00AD4746 /* Frameworks */ = {
			isa = PBXFrameworksBuildPhase;
			buildActionMask = 2147483647;
			files = (
			);
			runOnlyForDeploymentPostprocessing = 0;
		};
/* End PBXFrameworksBuildPhase section */

/* Begin PBXGroup section */
		1D44721925045B7F00AD4746 = {
			isa = PBXGroup;
			children = (
				1DB17CF72F7E4C4000E67624 /* ReplayProjectCommon.xcconfig */,
				1DDD181E2F7C3B1700DB718A /* scheduler */,
				1DDD18392F7C3B9500DB718A /* medusa-objc */,
				1DDD182D2F7C3B6200DB718A /* file-tree */,
				1DDD18262F7C3B3C00DB718A /* common */,
				1DDD184B2F7C3C1C00DB718A /* glob-cpp */,
				1DDD18432F7C3BF600DB718A /* glob-overlap */,
				1D44722325045B7F00AD4746 /* Products */,
			);
			sourceTree = "<group>";
		};
		1D44722325045B7F00AD4746 /* Products */ = {
			isa = PBXGroup;
			children = (
				1D44722225045B7F00AD4746 /* scheduler */,
			);
			name = Products;
			sourceTree = "<group>";
		};
/* End PBXGroup section */

/* Begin PBXNativeTarget section */
		1D44722125045B7F00AD4746 /* scheduler */ = {
			isa = PBXNativeTarget;
			buildConfigurationList = 1D44722925045B7F00AD4746 /* Build configuration list for PBXNativeTarget "scheduler" */;
			buildPhases = (
				1D44721E25045B7F00AD4746 /* Sources */,
				1D44721F25045B7F00AD4746 /* Frameworks */,
				1D44722025045B7F00AD4746 /* CopyFiles */,
			);
			buildRules = (
			);
			dependencies = (
			);
			fileSystemSynchronizedGroups = (
				1DDD181E2F7C3B1700DB718A /* scheduler */,
				1DDD18262F7C3B3C00DB718A /* common */,
				1DDD182D2F7C3B6200DB718A /* file-tree */,
				1DDD18392F7C3B9500DB718A /* medusa-objc */,
				1DDD18432F7C3BF600DB718A /* glob-overlap */,
				1DDD184B2F7C3C1C00DB718A /* glob-cpp */,
			);
			name = scheduler;
			productName = scheduler;
			productReference = 1D44722225045B7F00AD4746 /* scheduler */;
			productType = "com.apple.product-type.tool";
		};
/* End PBXNativeTarget section */

/* Begin PBXProject section */
		1D44721A25045B7F00AD4746 /* Project object */ = {
			isa = PBXProject;
			attributes = {
				LastUpgradeCheck = 1160;
				ORGANIZATIONNAME = "Tomasz Kukielka";
				TargetAttributes = {
					1D44722125045B7F00AD4746 = {
						CreatedOnToolsVersion = 11.6;
					};
				};
			};
			buildConfigurationList = 1D44721D25045B7F00AD4746 /* Build configuration list for PBXProject "scheduler" */;
			compatibilityVersion = "Xcode 9.3";
			developmentRegion = en;
			hasScannedForEncodings = 0;
			knownRegions = (
				en,
				Base,
			);
			mainGroup = 1D44721925045B7F00AD4746;
			productRefGroup = 1D44722325045B7F00AD4746 /* Products */;
			projectDirPath = "";
			projectRoot = "";
			targets = (
				1D44722125045B7F00AD4746 /* scheduler */,
			);
		};
/* End PBXProject section */

/* Begin PBXSourcesBuildPhase section */
		1D44721E25045B7F00AD4746 /* Sources */ = {
			isa = PBXSourcesBuildPhase;
			buildActionMask = 2147483647;
			files = (
			);
			runOnlyForDeploymentPostprocessing = 0;
		};
/* End PBXSourcesBuildPhase section */

/* Begin XCBuildConfiguration section */
		1D44722725045B7F00AD4746 /* Debug */ = {
			isa = XCBuildConfiguration;
			baseConfigurationReference = 1DB17CF72F7E4C4000E67624 /* ReplayProjectCommon.xcconfig */;
			buildSettings = {
				COPY_PHASE_STRIP = NO;
				DEBUG_INFORMATION_FORMAT = dwarf;
				ENABLE_TESTABILITY = YES;
				GCC_OPTIMIZATION_LEVEL = 0;
				GCC_PREPROCESSOR_DEFINITIONS = (
					"DEBUG=1",
					"$(inherited)",
				);
				ONLY_ACTIVE_ARCH = YES;
			};
			name = Debug;
		};
		1D44722825045B7F00AD4746 /* Release */ = {
			isa = XCBuildConfiguration;
			baseConfigurationReference = 1DB17CF72F7E4C4000E67624 /* ReplayProjectCommon.xcconfig */;
			buildSettings = {
				COPY_PHASE_STRIP = NO;
				DEBUG_INFORMATION_FORMAT = "dwarf-with-dsym";
				ENABLE_NS_ASSERTIONS = NO;
			};
			name = Release;
		};
		1D44722A25045B7F00AD4746 /* Debug */ = {
			isa = XCBuildConfiguration;
			buildSettings = {
			};
			name = Debug;
		};
		1D44722B25045B7F00AD4746 /* Release */ = {
			isa = XCBuildConfiguration;
			buildSettings = {
			};
			name = Release;
		};
/* End XCBuildConfiguration section */

/* Begin XCConfigurationList section */
		1D44721D25045B7F00AD4746 /* Build configuration list for PBXProject "scheduler" */ = {
			isa = XCConfigurationList;
			buildConfigurations = (
				1D44722725045B7F00AD4746 /* Debug */,
				1D44722825045B7F00AD4746 /* Release */,
			);
			defaultConfigurationIsVisible = 0;
			defaultConfigurationName = Release;
		};
		1D44722925045B7F00AD4746 /* Build configuration list for PBXNativeTarget "scheduler" */ = {
			isa = XCConfigurationList;
			buildConfigurations = (
				1D44722A25045B7F00AD4746 /* Debug */,
				1D44722B25045B7F00AD4746 /* Release */,
			);
			defaultConfigurationIsVisible = 0;
			defaultConfigurationName = Release;
		};
/* End XCConfigurationList section */
	};
	rootObject = 1D44721A25045B7F00AD4746 /* Project object */;
}
